
Microsoft Visual Studio Solution File, Format Version 12.00
# Visual Studio 15
VisualStudioVersion = 15.0.28307.539
MinimumVisualStudioVersion = 10.0.40219.1
Project("{FAE04EC0-301F-11D3-BF4B-00C04F79EFBC}") = "Ex04.Menus.Test", "Ex04.Menus.Test\Ex04.Menus.Test.csproj", "{18572388-D309-450B-9E0B-B4289C501A4A}"
EndProject
Project("{FAE04EC0-301F-11D3-BF4B-00C04F79EFBC}") = "Ex04.Menus.Delegates", "Ex04.Menus.Delegates\Ex04.Menus.Delegates.csproj", "{6D686F88-3700-4298-B9DB-0C583E66BF03}"
EndProject
Project("{FAE04EC0-301F-11D3-BF4B-00C04F79EFBC}") = "Ex04.Menus.Interfaces", "Ex04.Menus.Interfaces\Ex04.Menus.Interfaces.csproj", "{71990E41-D709-4BA7-9239-7A5E917E7FB3}"
EndProject
Global
	GlobalSection(SolutionConfigurationPlatforms) = preSolution
		Debug|Any CPU = Debug|Any CPU
		Release|Any CPU = Release|Any CPU
	EndGlobalSection
	GlobalSection(ProjectConfigurationPlatforms) = postSolution
		{18572388-D309-450B-9E0B-B4289C501A4A}.Debug|Any CPU.ActiveCfg = Debug|Any CPU
		{18572388-D309-450B-9E0B-B4289C501A4A}.Debug|Any CPU.Build.0 = Debug|Any CPU
		{18572388-D309-450B-9E0B-B4289C501A4A}.Release|Any CPU.ActiveCfg = Release|Any CPU
		{18572388-D309-450B-9E0B-B4289C501A4A}.Release|Any CPU.Build.0 = Release|Any CPU
		{6D686F88-3700-4298-B9DB-0C583E66BF03}.Debug|Any CPU.ActiveCfg = Debug|Any CPU
		{6D686F88-3700-4298-B9DB-0C583E66BF03}.Debug|Any CPU.Build.0 = Debug|Any CPU
		{6D686F88-3700-4298-B9DB-0C583E66BF03}.Release|Any CPU.ActiveCfg = Release|Any CPU
		{6D686F88-3700-4298-B9DB-0C583E66BF03}.Release|Any CPU.Build.0 = Release|Any CPU
		{71990E41-D709-4BA7-9239-7A5E917E7FB3}.Debug|Any CPU.ActiveCfg = Debug|Any CPU
		{71990E41-D709-4BA7-9239-7A5E917E7FB3}.Debug|Any CPU.Build.0 = Debug|Any CPU
		{71990E41-D709-4BA7-9239-7A5E917E7FB3}.Release|Any CPU.ActiveCfg = Release|Any CPU
		{71990E41-D709-4BA7-9239-7A5E917E7FB3}.Release|Any CPU.Build.0 = Release|Any CPU
	EndGlobalSection
	GlobalSection(SolutionProperties) = preSolution
		HideSolutionNode = FALSE
	EndGlobalSection
	GlobalSection(ExtensibilityGlobals) = postSolution
		SolutionGuid = {2CFF73AC-B731-4DB3-B67C-2509E871BCF4}
	EndGlobalSection
EndGlobal
